
Microsoft Visual Studio Solution File, Format Version 12.00
# Visual Studio Version 17
VisualStudioVersion = 17.1.32414.318
MinimumVisualStudioVersion = 10.0.40219.1
Project("{FAE04EC0-301F-11D3-BF4B-00C04F79EFBC}") = "ToDoApi", "ToDoApi\ToDoApi.csproj", "{C9E9EE9F-0498-4553-A741-6568643C5430}"
EndProject
Project("{FAE04EC0-301F-11D3-BF4B-00C04F79EFBC}") = "ToDoBusiness", "ToDoBusiness\ToDoBusiness.csproj", "{46C15499-2FA1-40A2-A71E-50D8F984C32C}"
EndProject
Project("{FAE04EC0-301F-11D3-BF4B-00C04F79EFBC}") = "ToDoCore", "ToDoCore\ToDoCore.csproj", "{80BC9764-5AD9-4454-A366-61CA5BA2DFC7}"
EndProject
Project("{FAE04EC0-301F-11D3-BF4B-00C04F79EFBC}") = "ToDoDataAccess", "ToDoDataAccess\ToDoDataAccess.csproj", "{5F109DFB-93DC-47BD-8F19-A0BA98096E54}"
EndProject
Project("{FAE04EC0-301F-11D3-BF4B-00C04F79EFBC}") = "ToDoEntity", "ToDoEntity\ToDoEntity.csproj", "{A0CACB46-D542-48F4-882E-DD5375C59A49}"
EndProject
Global
	GlobalSection(SolutionConfigurationPlatforms) = preSolution
		Debug|Any CPU = Debug|Any CPU
		Release|Any CPU = Release|Any CPU
	EndGlobalSection
	GlobalSection(ProjectConfigurationPlatforms) = postSolution
		{C9E9EE9F-0498-4553-A741-6568643C5430}.Debug|Any CPU.ActiveCfg = Debug|Any CPU
		{C9E9EE9F-0498-4553-A741-6568643C5430}.Debug|Any CPU.Build.0 = Debug|Any CPU
		{C9E9EE9F-0498-4553-A741-6568643C5430}.Release|Any CPU.ActiveCfg = Release|Any CPU
		{C9E9EE9F-0498-4553-A741-6568643C5430}.Release|Any CPU.Build.0 = Release|Any CPU
		{46C15499-2FA1-40A2-A71E-50D8F984C32C}.Debug|Any CPU.ActiveCfg = Debug|Any CPU
		{46C15499-2FA1-40A2-A71E-50D8F984C32C}.Debug|Any CPU.Build.0 = Debug|Any CPU
		{46C15499-2FA1-40A2-A71E-50D8F984C32C}.Release|Any CPU.ActiveCfg = Release|Any CPU
		{46C15499-2FA1-40A2-A71E-50D8F984C32C}.Release|Any CPU.Build.0 = Release|Any CPU
		{80BC9764-5AD9-4454-A366-61CA5BA2DFC7}.Debug|Any CPU.ActiveCfg = Debug|Any CPU
		{80BC9764-5AD9-4454-A366-61CA5BA2DFC7}.Debug|Any CPU.Build.0 = Debug|Any CPU
		{80BC9764-5AD9-4454-A366-61CA5BA2DFC7}.Release|Any CPU.ActiveCfg = Release|Any CPU
		{80BC9764-5AD9-4454-A366-61CA5BA2DFC7}.Release|Any CPU.Build.0 = Release|Any CPU
		{5F109DFB-93DC-47BD-8F19-A0BA98096E54}.Debug|Any CPU.ActiveCfg = Debug|Any CPU
		{5F109DFB-93DC-47BD-8F19-A0BA98096E54}.Debug|Any CPU.Build.0 = Debug|Any CPU
		{5F109DFB-93DC-47BD-8F19-A0BA98096E54}.Release|Any CPU.ActiveCfg = Release|Any CPU
		{5F109DFB-93DC-47BD-8F19-A0BA98096E54}.Release|Any CPU.Build.0 = Release|Any CPU
		{A0CACB46-D542-48F4-882E-DD5375C59A49}.Debug|Any CPU.ActiveCfg = Debug|Any CPU
		{A0CACB46-D542-48F4-882E-DD5375C59A49}.Debug|Any CPU.Build.0 = Debug|Any CPU
		{A0CACB46-D542-48F4-882E-DD5375C59A49}.Release|Any CPU.ActiveCfg = Release|Any CPU
		{A0CACB46-D542-48F4-882E-DD5375C59A49}.Release|Any CPU.Build.0 = Release|Any CPU
	EndGlobalSection
	GlobalSection(SolutionProperties) = preSolution
		HideSolutionNode = FALSE
	EndGlobalSection
	GlobalSection(ExtensibilityGlobals) = postSolution
		SolutionGuid = {94801A2B-2F34-4D49-9259-8C5D937F4387}
	EndGlobalSection
EndGlobal
